
Microsoft Visual Studio Solution File, Format Version 12.00
# Visual Studio 15
VisualStudioVersion = 15.0.27703.2035
MinimumVisualStudioVersion = 10.0.40219.1
Project("{9A19103F-16F7-4668-BE54-9A1E7A4F7556}") = "BarcoRota.Models", "JobManager\BarcoRota.Models.csproj", "{8B81E69A-D610-42A7-BEE3-BF056EC4F358}"
EndProject
Project("{9A19103F-16F7-4668-BE54-9A1E7A4F7556}") = "BarcoRota.Client", "BarcoRotaClient\BarcoRota.Client.csproj", "{23990B5A-8B1B-4431-9815-6286DDFE1BA4}"
EndProject
Project("{FAE04EC0-301F-11D3-BF4B-00C04F79EFBC}") = "BarcoRota.Services", "BarcoRota.TaskRunner\BarcoRota.Services.csproj", "{7B848237-37B0-4255-A349-DD1F3E4EB4AF}"
EndProject
Global
	GlobalSection(SolutionConfigurationPlatforms) = preSolution
		Debug|Any CPU = Debug|Any CPU
		Release|Any CPU = Release|Any CPU
	EndGlobalSection
	GlobalSection(ProjectConfigurationPlatforms) = postSolution
		{8B81E69A-D610-42A7-BEE3-BF056EC4F358}.Debug|Any CPU.ActiveCfg = Debug|Any CPU
		{8B81E69A-D610-42A7-BEE3-BF056EC4F358}.Debug|Any CPU.Build.0 = Debug|Any CPU
		{8B81E69A-D610-42A7-BEE3-BF056EC4F358}.Release|Any CPU.ActiveCfg = Release|Any CPU
		{8B81E69A-D610-42A7-BEE3-BF056EC4F358}.Release|Any CPU.Build.0 = Release|Any CPU
		{23990B5A-8B1B-4431-9815-6286DDFE1BA4}.Debug|Any CPU.ActiveCfg = Debug|Any CPU
		{23990B5A-8B1B-4431-9815-6286DDFE1BA4}.Debug|Any CPU.Build.0 = Debug|Any CPU
		{23990B5A-8B1B-4431-9815-6286DDFE1BA4}.Release|Any CPU.ActiveCfg = Release|Any CPU
		{23990B5A-8B1B-4431-9815-6286DDFE1BA4}.Release|Any CPU.Build.0 = Release|Any CPU
		{7B848237-37B0-4255-A349-DD1F3E4EB4AF}.Debug|Any CPU.ActiveCfg = Debug|Any CPU
		{7B848237-37B0-4255-A349-DD1F3E4EB4AF}.Debug|Any CPU.Build.0 = Debug|Any CPU
		{7B848237-37B0-4255-A349-DD1F3E4EB4AF}.Release|Any CPU.ActiveCfg = Release|Any CPU
		{7B848237-37B0-4255-A349-DD1F3E4EB4AF}.Release|Any CPU.Build.0 = Release|Any CPU
	EndGlobalSection
	GlobalSection(SolutionProperties) = preSolution
		HideSolutionNode = FALSE
	EndGlobalSection
	GlobalSection(ExtensibilityGlobals) = postSolution
		SolutionGuid = {2A99A402-4090-49F4-BD0E-80BBAEEE3A65}
	EndGlobalSection
EndGlobal
